
Microsoft Visual Studio Solution File, Format Version 12.00
# Visual Studio Version 17
VisualStudioVersion = 17.12.35521.163 d17.12
MinimumVisualStudioVersion = 10.0.40219.1
Project("{FAE04EC0-301F-11D3-BF4B-00C04F79EFBC}") = "InsuranceApp.Presentation", "InsuranceApp.Presentation\InsuranceApp.Presentation.csproj", "{EDCEE15A-ED88-4D47-B75C-4E7085622594}"
EndProject
Project("{FAE04EC0-301F-11D3-BF4B-00C04F79EFBC}") = "InsuranceApp.Application", "InsuranceApp.Application\InsuranceApp.Application.csproj", "{7062AAE8-DDD8-484C-8AA2-2C646F51DFA7}"
EndProject
Project("{FAE04EC0-301F-11D3-BF4B-00C04F79EFBC}") = "InsuranceApp.Infrastructure", "InsuranceApp.Infrastructure\InsuranceApp.Infrastructure.csproj", "{89CF991F-4F9F-4A11-95F0-50AA1FF2EEAE}"
EndProject
Project("{FAE04EC0-301F-11D3-BF4B-00C04F79EFBC}") = "InsuranceApp.Domain", "InsuranceApp.Domain\InsuranceApp.Domain.csproj", "{6ACEACEC-DD72-4C08-AC32-04EA3FE9C3D0}"
EndProject
Global
	GlobalSection(SolutionConfigurationPlatforms) = preSolution
		Debug|Any CPU = Debug|Any CPU
		Release|Any CPU = Release|Any CPU
	EndGlobalSection
	GlobalSection(ProjectConfigurationPlatforms) = postSolution
		{EDCEE15A-ED88-4D47-B75C-4E7085622594}.Debug|Any CPU.ActiveCfg = Debug|Any CPU
		{EDCEE15A-ED88-4D47-B75C-4E7085622594}.Debug|Any CPU.Build.0 = Debug|Any CPU
		{EDCEE15A-ED88-4D47-B75C-4E7085622594}.Release|Any CPU.ActiveCfg = Release|Any CPU
		{EDCEE15A-ED88-4D47-B75C-4E7085622594}.Release|Any CPU.Build.0 = Release|Any CPU
		{7062AAE8-DDD8-484C-8AA2-2C646F51DFA7}.Debug|Any CPU.ActiveCfg = Debug|Any CPU
		{7062AAE8-DDD8-484C-8AA2-2C646F51DFA7}.Debug|Any CPU.Build.0 = Debug|Any CPU
		{7062AAE8-DDD8-484C-8AA2-2C646F51DFA7}.Release|Any CPU.ActiveCfg = Release|Any CPU
		{7062AAE8-DDD8-484C-8AA2-2C646F51DFA7}.Release|Any CPU.Build.0 = Release|Any CPU
		{89CF991F-4F9F-4A11-95F0-50AA1FF2EEAE}.Debug|Any CPU.ActiveCfg = Debug|Any CPU
		{89CF991F-4F9F-4A11-95F0-50AA1FF2EEAE}.Debug|Any CPU.Build.0 = Debug|Any CPU
		{89CF991F-4F9F-4A11-95F0-50AA1FF2EEAE}.Release|Any CPU.ActiveCfg = Release|Any CPU
		{89CF991F-4F9F-4A11-95F0-50AA1FF2EEAE}.Release|Any CPU.Build.0 = Release|Any CPU
		{6ACEACEC-DD72-4C08-AC32-04EA3FE9C3D0}.Debug|Any CPU.ActiveCfg = Debug|Any CPU
		{6ACEACEC-DD72-4C08-AC32-04EA3FE9C3D0}.Debug|Any CPU.Build.0 = Debug|Any CPU
		{6ACEACEC-DD72-4C08-AC32-04EA3FE9C3D0}.Release|Any CPU.ActiveCfg = Release|Any CPU
		{6ACEACEC-DD72-4C08-AC32-04EA3FE9C3D0}.Release|Any CPU.Build.0 = Release|Any CPU
	EndGlobalSection
	GlobalSection(SolutionProperties) = preSolution
		HideSolutionNode = FALSE
	EndGlobalSection
EndGlobal
